
Microsoft Visual Studio Solution File, Format Version 12.00
# Visual Studio Version 17
VisualStudioVersion = 17.14.36408.4 d17.14
MinimumVisualStudioVersion = 10.0.40219.1
Project("{FAE04EC0-301F-11D3-BF4B-00C04F79EFBC}") = "SmartInventorySystem", "SmartInventorySystem\SmartInventorySystem.csproj", "{77EA257D-5053-4E8A-8263-E0A85DE528EF}"
EndProject
Global
	GlobalSection(SolutionConfigurationPlatforms) = preSolution
		Debug|Any CPU = Debug|Any CPU
		Release|Any CPU = Release|Any CPU
	EndGlobalSection
	GlobalSection(ProjectConfigurationPlatforms) = postSolution
		{77EA257D-5053-4E8A-8263-E0A85DE528EF}.Debug|Any CPU.ActiveCfg = Debug|Any CPU
		{77EA257D-5053-4E8A-8263-E0A85DE528EF}.Debug|Any CPU.Build.0 = Debug|Any CPU
		{77EA257D-5053-4E8A-8263-E0A85DE528EF}.Release|Any CPU.ActiveCfg = Release|Any CPU
		{77EA257D-5053-4E8A-8263-E0A85DE528EF}.Release|Any CPU.Build.0 = Release|Any CPU
	EndGlobalSection
	GlobalSection(SolutionProperties) = preSolution
		HideSolutionNode = FALSE
	EndGlobalSection
	GlobalSection(ExtensibilityGlobals) = postSolution
		SolutionGuid = {BFA4762C-30D6-4788-BCA6-60D49A7090A9}
	EndGlobalSection
EndGlobal
